
Microsoft Visual Studio Solution File, Format Version 12.00
# Visual Studio Version 16
VisualStudioVersion = 16.0.31911.196
MinimumVisualStudioVersion = 10.0.40219.1
Project("{8BC9CEB8-8B4A-11D0-8D11-00A0C91BC942}") = "clone_struct", "clone_struct.vcxproj", "{B4FD0A31-553F-48D7-AFC6-9061FB554B08}"
EndProject
Global
	GlobalSection(SolutionConfigurationPlatforms) = preSolution
		Debug|x64 = Debug|x64
		Debug|x86 = Debug|x86
		Release|x64 = Release|x64
		Release|x86 = Release|x86
	EndGlobalSection
	GlobalSection(ProjectConfigurationPlatforms) = postSolution
		{B4FD0A31-553F-48D7-AFC6-9061FB554B08}.Debug|x64.ActiveCfg = Debug|x64
		{B4FD0A31-553F-48D7-AFC6-9061FB554B08}.Debug|x64.Build.0 = Debug|x64
		{B4FD0A31-553F-48D7-AFC6-9061FB554B08}.Debug|x86.ActiveCfg = Debug|Win32
		{B4FD0A31-553F-48D7-AFC6-9061FB554B08}.Debug|x86.Build.0 = Debug|Win32
		{B4FD0A31-553F-48D7-AFC6-9061FB554B08}.Release|x64.ActiveCfg = Release|x64
		{B4FD0A31-553F-48D7-AFC6-9061FB554B08}.Release|x64.Build.0 = Release|x64
		{B4FD0A31-553F-48D7-AFC6-9061FB554B08}.Release|x86.ActiveCfg = Release|Win32
		{B4FD0A31-553F-48D7-AFC6-9061FB554B08}.Release|x86.Build.0 = Release|Win32
	EndGlobalSection
	GlobalSection(SolutionProperties) = preSolution
		HideSolutionNode = FALSE
	EndGlobalSection
	GlobalSection(ExtensibilityGlobals) = postSolution
		SolutionGuid = {2B73509E-83B0-4789-9B6A-8369D8886F16}
	EndGlobalSection
EndGlobal
