
Microsoft Visual Studio Solution File, Format Version 12.00
# Visual Studio Version 17
VisualStudioVersion = 17.4.33205.214
MinimumVisualStudioVersion = 10.0.40219.1
Project("{FAE04EC0-301F-11D3-BF4B-00C04F79EFBC}") = "FurnitureFactory", "FurnitureFactory\FurnitureFactory.csproj", "{05B36015-4758-47A5-9CD7-7CD603246A5C}"
EndProject
Global
	GlobalSection(SolutionConfigurationPlatforms) = preSolution
		Debug|Any CPU = Debug|Any CPU
		Release|Any CPU = Release|Any CPU
	EndGlobalSection
	GlobalSection(ProjectConfigurationPlatforms) = postSolution
		{05B36015-4758-47A5-9CD7-7CD603246A5C}.Debug|Any CPU.ActiveCfg = Debug|Any CPU
		{05B36015-4758-47A5-9CD7-7CD603246A5C}.Debug|Any CPU.Build.0 = Debug|Any CPU
		{05B36015-4758-47A5-9CD7-7CD603246A5C}.Release|Any CPU.ActiveCfg = Release|Any CPU
		{05B36015-4758-47A5-9CD7-7CD603246A5C}.Release|Any CPU.Build.0 = Release|Any CPU
	EndGlobalSection
	GlobalSection(SolutionProperties) = preSolution
		HideSolutionNode = FALSE
	EndGlobalSection
	GlobalSection(ExtensibilityGlobals) = postSolution
		SolutionGuid = {3AD3E832-DDAE-4DD7-B630-CF2AFFD5FFA6}
	EndGlobalSection
EndGlobal
