
Microsoft Visual Studio Solution File, Format Version 12.00
# Visual Studio Version 17
VisualStudioVersion = 17.4.33205.214
MinimumVisualStudioVersion = 10.0.40219.1
Project("{FAE04EC0-301F-11D3-BF4B-00C04F79EFBC}") = "1_course_number_1", "1_course_number_1.csproj", "{45FB9998-520D-403E-9911-87A4FF49DBA6}"
EndProject
Global
	GlobalSection(SolutionConfigurationPlatforms) = preSolution
		Debug|Any CPU = Debug|Any CPU
		Release|Any CPU = Release|Any CPU
	EndGlobalSection
	GlobalSection(ProjectConfigurationPlatforms) = postSolution
		{45FB9998-520D-403E-9911-87A4FF49DBA6}.Debug|Any CPU.ActiveCfg = Debug|Any CPU
		{45FB9998-520D-403E-9911-87A4FF49DBA6}.Debug|Any CPU.Build.0 = Debug|Any CPU
		{45FB9998-520D-403E-9911-87A4FF49DBA6}.Release|Any CPU.ActiveCfg = Release|Any CPU
		{45FB9998-520D-403E-9911-87A4FF49DBA6}.Release|Any CPU.Build.0 = Release|Any CPU
	EndGlobalSection
	GlobalSection(SolutionProperties) = preSolution
		HideSolutionNode = FALSE
	EndGlobalSection
	GlobalSection(ExtensibilityGlobals) = postSolution
		SolutionGuid = {2F5A2375-9DF6-4B08-9AFC-C01CB4912CC7}
	EndGlobalSection
EndGlobal
